
Microsoft Visual Studio Solution File, Format Version 12.00
# Visual Studio 2012
Project("{FAE04EC0-301F-11D3-BF4B-00C04F79EFBC}") = "FacebookBucketlist.Web", "FacebookBucketlist.Web\FacebookBucketlist.Web.csproj", "{C49A27BF-AC2F-4FCC-A543-3B90F5B2FF47}"
EndProject
Project("{FAE04EC0-301F-11D3-BF4B-00C04F79EFBC}") = "FacebookBucketList.Core", "FacebookBucketList.Core\FacebookBucketList.Core.csproj", "{E573A3CF-7E09-42C8-9C48-822B94DCBD12}"
EndProject
Project("{2150E333-8FDC-42A3-9474-1A3956D46DE8}") = "Solution Items", "Solution Items", "{779678A0-979A-42F4-A604-05684034ECF4}"
	ProjectSection(SolutionItems) = preProject
		BucketList.msbuild = BucketList.msbuild
	EndProjectSection
EndProject
Global
	GlobalSection(SolutionConfigurationPlatforms) = preSolution
		Debug|Any CPU = Debug|Any CPU
		Release|Any CPU = Release|Any CPU
	EndGlobalSection
	GlobalSection(ProjectConfigurationPlatforms) = postSolution
		{C49A27BF-AC2F-4FCC-A543-3B90F5B2FF47}.Debug|Any CPU.ActiveCfg = Debug|Any CPU
		{C49A27BF-AC2F-4FCC-A543-3B90F5B2FF47}.Debug|Any CPU.Build.0 = Debug|Any CPU
		{C49A27BF-AC2F-4FCC-A543-3B90F5B2FF47}.Release|Any CPU.ActiveCfg = Release|Any CPU
		{C49A27BF-AC2F-4FCC-A543-3B90F5B2FF47}.Release|Any CPU.Build.0 = Release|Any CPU
		{E573A3CF-7E09-42C8-9C48-822B94DCBD12}.Debug|Any CPU.ActiveCfg = Debug|Any CPU
		{E573A3CF-7E09-42C8-9C48-822B94DCBD12}.Debug|Any CPU.Build.0 = Debug|Any CPU
		{E573A3CF-7E09-42C8-9C48-822B94DCBD12}.Release|Any CPU.ActiveCfg = Release|Any CPU
		{E573A3CF-7E09-42C8-9C48-822B94DCBD12}.Release|Any CPU.Build.0 = Release|Any CPU
	EndGlobalSection
	GlobalSection(SolutionProperties) = preSolution
		HideSolutionNode = FALSE
	EndGlobalSection
EndGlobal
